
Microsoft Visual Studio Solution File, Format Version 12.00
# Visual Studio 14
VisualStudioVersion = 14.0.25420.1
MinimumVisualStudioVersion = 10.0.40219.1
Project("{FAE04EC0-301F-11D3-BF4B-00C04F79EFBC}") = "BatchImport", "BatchImport\BatchImport.csproj", "{E5191F94-965A-4A97-84CE-5BFC8F9A61F6}"
EndProject
Project("{FAE04EC0-301F-11D3-BF4B-00C04F79EFBC}") = "E9.EA.BatchImport", "E9.EA.BatchImport\E9.EA.BatchImport.csproj", "{1FF73D83-9106-41D3-B9CF-BA5F23E3CEDC}"
EndProject
Global
	GlobalSection(SolutionConfigurationPlatforms) = preSolution
		Debug|Any CPU = Debug|Any CPU
		Release|Any CPU = Release|Any CPU
	EndGlobalSection
	GlobalSection(ProjectConfigurationPlatforms) = postSolution
		{E5191F94-965A-4A97-84CE-5BFC8F9A61F6}.Debug|Any CPU.ActiveCfg = Debug|Any CPU
		{E5191F94-965A-4A97-84CE-5BFC8F9A61F6}.Debug|Any CPU.Build.0 = Debug|Any CPU
		{E5191F94-965A-4A97-84CE-5BFC8F9A61F6}.Release|Any CPU.ActiveCfg = Release|Any CPU
		{E5191F94-965A-4A97-84CE-5BFC8F9A61F6}.Release|Any CPU.Build.0 = Release|Any CPU
		{1FF73D83-9106-41D3-B9CF-BA5F23E3CEDC}.Debug|Any CPU.ActiveCfg = Debug|Any CPU
		{1FF73D83-9106-41D3-B9CF-BA5F23E3CEDC}.Debug|Any CPU.Build.0 = Debug|Any CPU
		{1FF73D83-9106-41D3-B9CF-BA5F23E3CEDC}.Release|Any CPU.ActiveCfg = Release|Any CPU
		{1FF73D83-9106-41D3-B9CF-BA5F23E3CEDC}.Release|Any CPU.Build.0 = Release|Any CPU
	EndGlobalSection
	GlobalSection(SolutionProperties) = preSolution
		HideSolutionNode = FALSE
	EndGlobalSection
EndGlobal
